
Microsoft Visual Studio Solution File, Format Version 12.00
Project("{FAE04EC0-301F-11D3-BF4B-00C04F79EFBC}") = "AnimeTrackingConsole", "AnimeTrackingConsole\AnimeTrackingConsole.csproj", "{7786CE37-A3BB-43C2-8815-238D21A6D111}"
EndProject
Project("{FAE04EC0-301F-11D3-BF4B-00C04F79EFBC}") = "AnimeTrackingApi", "AnimeTrackingApi\AnimeTrackingApi.csproj", "{AF886A0B-4094-4D45-BD73-C77C88747C96}"
EndProject
Project("{FAE04EC0-301F-11D3-BF4B-00C04F79EFBC}") = "AnimeTrackingWeb", "AnimeTrackingWeb\AnimeTrackingWeb.csproj", "{5C958E5C-97D0-4F89-ABD7-15EBDB0DBE4D}"
EndProject
Global
	GlobalSection(SolutionConfigurationPlatforms) = preSolution
		Debug|Any CPU = Debug|Any CPU
		Release|Any CPU = Release|Any CPU
	EndGlobalSection
	GlobalSection(ProjectConfigurationPlatforms) = postSolution
		{7786CE37-A3BB-43C2-8815-238D21A6D111}.Debug|Any CPU.ActiveCfg = Debug|Any CPU
		{7786CE37-A3BB-43C2-8815-238D21A6D111}.Debug|Any CPU.Build.0 = Debug|Any CPU
		{7786CE37-A3BB-43C2-8815-238D21A6D111}.Release|Any CPU.ActiveCfg = Release|Any CPU
		{7786CE37-A3BB-43C2-8815-238D21A6D111}.Release|Any CPU.Build.0 = Release|Any CPU
		{AF886A0B-4094-4D45-BD73-C77C88747C96}.Debug|Any CPU.ActiveCfg = Debug|Any CPU
		{AF886A0B-4094-4D45-BD73-C77C88747C96}.Debug|Any CPU.Build.0 = Debug|Any CPU
		{AF886A0B-4094-4D45-BD73-C77C88747C96}.Release|Any CPU.ActiveCfg = Release|Any CPU
		{AF886A0B-4094-4D45-BD73-C77C88747C96}.Release|Any CPU.Build.0 = Release|Any CPU
		{5C958E5C-97D0-4F89-ABD7-15EBDB0DBE4D}.Debug|Any CPU.ActiveCfg = Debug|Any CPU
		{5C958E5C-97D0-4F89-ABD7-15EBDB0DBE4D}.Debug|Any CPU.Build.0 = Debug|Any CPU
		{5C958E5C-97D0-4F89-ABD7-15EBDB0DBE4D}.Release|Any CPU.ActiveCfg = Release|Any CPU
		{5C958E5C-97D0-4F89-ABD7-15EBDB0DBE4D}.Release|Any CPU.Build.0 = Release|Any CPU
	EndGlobalSection
EndGlobal
